
Microsoft Visual Studio Solution File, Format Version 12.00
# Visual Studio 15
VisualStudioVersion = 15.0.28307.1340
MinimumVisualStudioVersion = 10.0.40219.1
Project("{FAE04EC0-301F-11D3-BF4B-00C04F79EFBC}") = "MinimalMVCProject", "MinimalMVCProject\MinimalMVCProject.csproj", "{3446F633-FBBA-4762-9E6C-100845090BE1}"
EndProject
Project("{FAE04EC0-301F-11D3-BF4B-00C04F79EFBC}") = "UnitTestMinimalMVCProject", "UnitTestMinimalMVCProject\UnitTestMinimalMVCProject.csproj", "{A9F537E2-5DC3-49B2-914A-D17365AC2F68}"
EndProject
Global
	GlobalSection(SolutionConfigurationPlatforms) = preSolution
		Debug|Any CPU = Debug|Any CPU
		Release|Any CPU = Release|Any CPU
	EndGlobalSection
	GlobalSection(ProjectConfigurationPlatforms) = postSolution
		{3446F633-FBBA-4762-9E6C-100845090BE1}.Debug|Any CPU.ActiveCfg = Debug|Any CPU
		{3446F633-FBBA-4762-9E6C-100845090BE1}.Debug|Any CPU.Build.0 = Debug|Any CPU
		{3446F633-FBBA-4762-9E6C-100845090BE1}.Release|Any CPU.ActiveCfg = Release|Any CPU
		{3446F633-FBBA-4762-9E6C-100845090BE1}.Release|Any CPU.Build.0 = Release|Any CPU
		{A9F537E2-5DC3-49B2-914A-D17365AC2F68}.Debug|Any CPU.ActiveCfg = Debug|Any CPU
		{A9F537E2-5DC3-49B2-914A-D17365AC2F68}.Debug|Any CPU.Build.0 = Debug|Any CPU
		{A9F537E2-5DC3-49B2-914A-D17365AC2F68}.Release|Any CPU.ActiveCfg = Release|Any CPU
		{A9F537E2-5DC3-49B2-914A-D17365AC2F68}.Release|Any CPU.Build.0 = Release|Any CPU
	EndGlobalSection
	GlobalSection(SolutionProperties) = preSolution
		HideSolutionNode = FALSE
	EndGlobalSection
	GlobalSection(ExtensibilityGlobals) = postSolution
		SolutionGuid = {44D01ACD-D53A-4D5D-8882-CE2632306F89}
	EndGlobalSection
EndGlobal
