
Microsoft Visual Studio Solution File, Format Version 12.00
# Visual Studio 15
VisualStudioVersion = 15.0.28307.1340
MinimumVisualStudioVersion = 10.0.40219.1
Project("{FAE04EC0-301F-11D3-BF4B-00C04F79EFBC}") = "MVCProject", "MVCProject\MVCProject.csproj", "{0D2FF5D6-C59D-400E-B971-327062921641}"
EndProject
Project("{FAE04EC0-301F-11D3-BF4B-00C04F79EFBC}") = "UnitTestProject1", "UnitTestProject1\UnitTestProject1.csproj", "{456B544B-D647-4F99-978B-A90BE192F9CA}"
EndProject
Global
	GlobalSection(SolutionConfigurationPlatforms) = preSolution
		Debug|Any CPU = Debug|Any CPU
		Release|Any CPU = Release|Any CPU
	EndGlobalSection
	GlobalSection(ProjectConfigurationPlatforms) = postSolution
		{0D2FF5D6-C59D-400E-B971-327062921641}.Debug|Any CPU.ActiveCfg = Debug|Any CPU
		{0D2FF5D6-C59D-400E-B971-327062921641}.Debug|Any CPU.Build.0 = Debug|Any CPU
		{0D2FF5D6-C59D-400E-B971-327062921641}.Release|Any CPU.ActiveCfg = Release|Any CPU
		{0D2FF5D6-C59D-400E-B971-327062921641}.Release|Any CPU.Build.0 = Release|Any CPU
		{456B544B-D647-4F99-978B-A90BE192F9CA}.Debug|Any CPU.ActiveCfg = Debug|Any CPU
		{456B544B-D647-4F99-978B-A90BE192F9CA}.Debug|Any CPU.Build.0 = Debug|Any CPU
		{456B544B-D647-4F99-978B-A90BE192F9CA}.Release|Any CPU.ActiveCfg = Release|Any CPU
		{456B544B-D647-4F99-978B-A90BE192F9CA}.Release|Any CPU.Build.0 = Release|Any CPU
	EndGlobalSection
	GlobalSection(SolutionProperties) = preSolution
		HideSolutionNode = FALSE
	EndGlobalSection
	GlobalSection(ExtensibilityGlobals) = postSolution
		SolutionGuid = {CB85758C-EC52-4D29-A60C-255FB6C7FD5F}
	EndGlobalSection
EndGlobal
